<?xml version="1.0" encoding="utf-8"?>
<Project ToolsVersion="4.0" xmlns="http://schemas.microsoft.com/developer/msbuild/2003">
  <ItemGroup>
    <Filter Include="commandline">
      <UniqueIdentifier>{6CA193A2-D856-0C98-614B-066FCDFF029C}</UniqueIdentifier>
    </Filter>
    <Filter Include="math">
      <UniqueIdentifier>{CF809A7C-BBB7-9B0D-64A4-811050BA170F}</UniqueIdentifier>
    </Filter>
    <Filter Include="profiling">
      <UniqueIdentifier>{2F62F673-9BCC-AAEA-E40A-5C9050B4883F}</UniqueIdentifier>
    </Filter>
  </ItemGroup>
  <ItemGroup>
    <ClInclude Include="..\..\source\system\clock.h" />
    <ClInclude Include="..\..\source\system\commandline\commandlineoptions.h">
      <Filter>commandline</Filter>
    </ClInclude>
    <ClInclude Include="..\..\source\system\commandline\commandlineparser.h">
      <Filter>commandline</Filter>
    </ClInclude>
    <ClInclude Include="..\..\source\system\cpuinfo.h" />
    <ClInclude Include="..\..\source\system\error.h" />
    <ClInclude Include="..\..\source\system\fpscounter.h" />
    <ClInclude Include="..\..\source\system\inputmanager.h" />
    <ClInclude Include="..\..\source\system\math\mat4x4.h">
      <Filter>math</Filter>
    </ClInclude>
    <ClInclude Include="..\..\source\system\math\mathutil.h">
      <Filter>math</Filter>
    </ClInclude>
    <ClInclude Include="..\..\source\system\math\vec2.h">
      <Filter>math</Filter>
    </ClInclude>
    <ClInclude Include="..\..\source\system\math\vec4.h">
      <Filter>math</Filter>
    </ClInclude>
    <ClInclude Include="..\..\source\system\modelloader.h" />
    <ClInclude Include="..\..\source\system\profiling\profilechain.h">
      <Filter>profiling</Filter>
    </ClInclude>
    <ClInclude Include="..\..\source\system\profiling\profilemanager.h">
      <Filter>profiling</Filter>
    </ClInclude>
  </ItemGroup>
  <ItemGroup>
    <ClCompile Include="..\..\source\system\clock.cpp" />
    <ClCompile Include="..\..\source\system\commandline\commandlineoptions.cpp">
      <Filter>commandline</Filter>
    </ClCompile>
    <ClCompile Include="..\..\source\system\commandline\commandlineparser.cpp">
      <Filter>commandline</Filter>
    </ClCompile>
    <ClCompile Include="..\..\source\system\cpuinfo.cpp" />
    <ClCompile Include="..\..\source\system\error.cpp" />
    <ClCompile Include="..\..\source\system\fpscounter.cpp" />
    <ClCompile Include="..\..\source\system\inputmanager.cpp" />
    <ClCompile Include="..\..\source\system\math\mat4x4.cpp">
      <Filter>math</Filter>
    </ClCompile>
    <ClCompile Include="..\..\source\system\math\mathutil.cpp">
      <Filter>math</Filter>
    </ClCompile>
    <ClCompile Include="..\..\source\system\math\vec2.cpp">
      <Filter>math</Filter>
    </ClCompile>
    <ClCompile Include="..\..\source\system\math\vec4.cpp">
      <Filter>math</Filter>
    </ClCompile>
    <ClCompile Include="..\..\source\system\modelloader.cpp" />
    <ClCompile Include="..\..\source\system\profiling\profilemanager.cpp">
      <Filter>profiling</Filter>
    </ClCompile>
  </ItemGroup>
</Project>