<?xml version="1.0" encoding="utf-8"?>
<Project ToolsVersion="4.0" xmlns="http://schemas.microsoft.com/developer/msbuild/2003">
  <ItemGroup>
    <Filter Include="common">
      <UniqueIdentifier>{AEFEE3F6-9AA0-0ECD-835B-22216F9C951D}</UniqueIdentifier>
    </Filter>
    <Filter Include="common\resourcemanager">
      <UniqueIdentifier>{00D44F43-ECCD-7895-D53A-0FA6C1D3DE01}</UniqueIdentifier>
    </Filter>
    <Filter Include="debugdisplay">
      <UniqueIdentifier>{E245BCFB-CEA8-4BA0-772E-845663701723}</UniqueIdentifier>
    </Filter>
    <Filter Include="skydome">
      <UniqueIdentifier>{E134879A-4D14-0636-562C-910CC28A6C97}</UniqueIdentifier>
    </Filter>
    <Filter Include="terrain">
      <UniqueIdentifier>{9A430BD9-0623-8A74-0F3B-154B7B99F0D5}</UniqueIdentifier>
    </Filter>
    <Filter Include="textrendering">
      <UniqueIdentifier>{A878DF25-1439-5B5C-DD73-A4D949F39F38}</UniqueIdentifier>
    </Filter>
    <Filter Include="water">
      <UniqueIdentifier>{C88F9F10-34A4-C7C1-FD25-6B2169F9C3F2}</UniqueIdentifier>
    </Filter>
  </ItemGroup>
  <ItemGroup>
    <ClInclude Include="..\..\source\graphics\common\baseshader.h">
      <Filter>common</Filter>
    </ClInclude>
    <ClInclude Include="..\..\source\graphics\common\colorshader.h">
      <Filter>common</Filter>
    </ClInclude>
    <ClInclude Include="..\..\source\graphics\common\lightshader.h">
      <Filter>common</Filter>
    </ClInclude>
    <ClInclude Include="..\..\source\graphics\common\mesh.h">
      <Filter>common</Filter>
    </ClInclude>
    <ClInclude Include="..\..\source\graphics\common\model2d.h">
      <Filter>common</Filter>
    </ClInclude>
    <ClInclude Include="..\..\source\graphics\common\model3d.h">
      <Filter>common</Filter>
    </ClInclude>
    <ClInclude Include="..\..\source\graphics\common\reflectionshader.h">
      <Filter>common</Filter>
    </ClInclude>
    <ClInclude Include="..\..\source\graphics\common\rendertexture.h">
      <Filter>common</Filter>
    </ClInclude>
    <ClInclude Include="..\..\source\graphics\common\resourcemanager\texturemanager.h">
      <Filter>common\resourcemanager</Filter>
    </ClInclude>
    <ClInclude Include="..\..\source\graphics\common\texture.h">
      <Filter>common</Filter>
    </ClInclude>
    <ClInclude Include="..\..\source\graphics\common\textureshader.h">
      <Filter>common</Filter>
    </ClInclude>
    <ClInclude Include="..\..\source\graphics\d3d11.h" />
    <ClInclude Include="..\..\source\graphics\d3d11renderer.h" />
    <ClInclude Include="..\..\source\graphics\debugdisplay\debugdisplayrenderer.h">
      <Filter>debugdisplay</Filter>
    </ClInclude>
    <ClInclude Include="..\..\source\graphics\graphicsnode.h" />
    <ClInclude Include="..\..\source\graphics\isubrenderer.h" />
    <ClInclude Include="..\..\source\graphics\skydome\skydomerenderer.h">
      <Filter>skydome</Filter>
    </ClInclude>
    <ClInclude Include="..\..\source\graphics\skydome\skydomeshader.h">
      <Filter>skydome</Filter>
    </ClInclude>
    <ClInclude Include="..\..\source\graphics\terrain\terrain.h">
      <Filter>terrain</Filter>
    </ClInclude>
    <ClInclude Include="..\..\source\graphics\terrain\terrainrenderer.h">
      <Filter>terrain</Filter>
    </ClInclude>
    <ClInclude Include="..\..\source\graphics\textrendering\font.h">
      <Filter>textrendering</Filter>
    </ClInclude>
    <ClInclude Include="..\..\source\graphics\textrendering\fontshader.h">
      <Filter>textrendering</Filter>
    </ClInclude>
    <ClInclude Include="..\..\source\graphics\textrendering\text.h">
      <Filter>textrendering</Filter>
    </ClInclude>
    <ClInclude Include="..\..\source\graphics\textrendering\textrenderer.h">
      <Filter>textrendering</Filter>
    </ClInclude>
    <ClInclude Include="..\..\source\graphics\water\waterrenderer.h">
      <Filter>water</Filter>
    </ClInclude>
  </ItemGroup>
  <ItemGroup>
    <ClCompile Include="..\..\source\graphics\common\baseshader.cpp">
      <Filter>common</Filter>
    </ClCompile>
    <ClCompile Include="..\..\source\graphics\common\colorshader.cpp">
      <Filter>common</Filter>
    </ClCompile>
    <ClCompile Include="..\..\source\graphics\common\lightshader.cpp">
      <Filter>common</Filter>
    </ClCompile>
    <ClCompile Include="..\..\source\graphics\common\mesh.cpp">
      <Filter>common</Filter>
    </ClCompile>
    <ClCompile Include="..\..\source\graphics\common\model2d.cpp">
      <Filter>common</Filter>
    </ClCompile>
    <ClCompile Include="..\..\source\graphics\common\model3d.cpp">
      <Filter>common</Filter>
    </ClCompile>
    <ClCompile Include="..\..\source\graphics\common\reflectionshader.cpp">
      <Filter>common</Filter>
    </ClCompile>
    <ClCompile Include="..\..\source\graphics\common\rendertexture.cpp">
      <Filter>common</Filter>
    </ClCompile>
    <ClCompile Include="..\..\source\graphics\common\texture.cpp">
      <Filter>common</Filter>
    </ClCompile>
    <ClCompile Include="..\..\source\graphics\common\textureshader.cpp">
      <Filter>common</Filter>
    </ClCompile>
    <ClCompile Include="..\..\source\graphics\d3d11.cpp" />
    <ClCompile Include="..\..\source\graphics\d3d11renderer.cpp" />
    <ClCompile Include="..\..\source\graphics\debugdisplay\debugdisplayrenderer.cpp">
      <Filter>debugdisplay</Filter>
    </ClCompile>
    <ClCompile Include="..\..\source\graphics\graphicsnode.cpp" />
    <ClCompile Include="..\..\source\graphics\skydome\skydomerenderer.cpp">
      <Filter>skydome</Filter>
    </ClCompile>
    <ClCompile Include="..\..\source\graphics\skydome\skydomeshader.cpp">
      <Filter>skydome</Filter>
    </ClCompile>
    <ClCompile Include="..\..\source\graphics\terrain\terrain.cpp">
      <Filter>terrain</Filter>
    </ClCompile>
    <ClCompile Include="..\..\source\graphics\terrain\terrainrenderer.cpp">
      <Filter>terrain</Filter>
    </ClCompile>
    <ClCompile Include="..\..\source\graphics\textrendering\font.cpp">
      <Filter>textrendering</Filter>
    </ClCompile>
    <ClCompile Include="..\..\source\graphics\textrendering\fontshader.cpp">
      <Filter>textrendering</Filter>
    </ClCompile>
    <ClCompile Include="..\..\source\graphics\textrendering\text.cpp">
      <Filter>textrendering</Filter>
    </ClCompile>
    <ClCompile Include="..\..\source\graphics\textrendering\textrenderer.cpp">
      <Filter>textrendering</Filter>
    </ClCompile>
    <ClCompile Include="..\..\source\graphics\water\waterrenderer.cpp">
      <Filter>water</Filter>
    </ClCompile>
  </ItemGroup>
</Project>