<?xml version="1.0" encoding="utf-8"?>
<Project ToolsVersion="4.0" xmlns="http://schemas.microsoft.com/developer/msbuild/2003">
  <ItemGroup>
    <Filter Include="entitymodel">
      <UniqueIdentifier>{D3EA81F8-3FA0-FAED-C894-F4C43449F1F1}</UniqueIdentifier>
    </Filter>
    <Filter Include="entitymodel\components">
      <UniqueIdentifier>{28AA50B0-14A4-7902-FD10-1013E9A9DF6E}</UniqueIdentifier>
    </Filter>
    <Filter Include="input">
      <UniqueIdentifier>{B54AA90F-215F-D1C0-EAE0-742056B4CDF1}</UniqueIdentifier>
    </Filter>
    <Filter Include="win64">
      <UniqueIdentifier>{FDD2A310-69E7-CBC1-3269-6F219E3CC8F2}</UniqueIdentifier>
    </Filter>
  </ItemGroup>
  <ItemGroup>
    <ClInclude Include="..\..\source\engine\camera.h" />
    <ClInclude Include="..\..\source\engine\engine.h" />
    <ClInclude Include="..\..\source\engine\entitymodel\components\component.h">
      <Filter>entitymodel\components</Filter>
    </ClInclude>
    <ClInclude Include="..\..\source\engine\entitymodel\components\visualcomponent.h">
      <Filter>entitymodel\components</Filter>
    </ClInclude>
    <ClInclude Include="..\..\source\engine\entitymodel\entity.h">
      <Filter>entitymodel</Filter>
    </ClInclude>
    <ClInclude Include="..\..\source\engine\input\inputhandler.h">
      <Filter>input</Filter>
    </ClInclude>
    <ClInclude Include="..\..\source\engine\win64\win64input.h">
      <Filter>win64</Filter>
    </ClInclude>
    <ClInclude Include="..\..\source\engine\win64\win64viewprovider.h">
      <Filter>win64</Filter>
    </ClInclude>
  </ItemGroup>
  <ItemGroup>
    <ClCompile Include="..\..\source\engine\camera.cpp" />
    <ClCompile Include="..\..\source\engine\engine.cpp" />
    <ClCompile Include="..\..\source\engine\entitymodel\components\component.cpp">
      <Filter>entitymodel\components</Filter>
    </ClCompile>
    <ClCompile Include="..\..\source\engine\entitymodel\components\visualcomponent.cpp">
      <Filter>entitymodel\components</Filter>
    </ClCompile>
    <ClCompile Include="..\..\source\engine\entitymodel\entity.cpp">
      <Filter>entitymodel</Filter>
    </ClCompile>
    <ClCompile Include="..\..\source\engine\input\inputhandler.cpp">
      <Filter>input</Filter>
    </ClCompile>
    <ClCompile Include="..\..\source\engine\win64\win64input.cpp">
      <Filter>win64</Filter>
    </ClCompile>
    <ClCompile Include="..\..\source\engine\win64\win64main.cpp">
      <Filter>win64</Filter>
    </ClCompile>
    <ClCompile Include="..\..\source\engine\win64\win64viewprovider.cpp">
      <Filter>win64</Filter>
    </ClCompile>
  </ItemGroup>
</Project>