<?xml version="1.0" encoding="utf-8"?>
<Project ToolsVersion="4.0" xmlns="http://schemas.microsoft.com/developer/msbuild/2003">
  <ItemGroup>
    <Filter Include="Source Files">
      <UniqueIdentifier>{4FC737F1-C7A5-4376-A066-2A32D752A2FF}</UniqueIdentifier>
      <Extensions>cpp;c;cc;cxx;def;odl;idl;hpj;bat;asm;asmx</Extensions>
    </Filter>
    <Filter Include="Source Files\win64">
      <UniqueIdentifier>{7d8eb606-06ed-4981-b820-d92e67748cd8}</UniqueIdentifier>
    </Filter>
    <Filter Include="Source Files\renderer">
      <UniqueIdentifier>{694451fc-7f77-496c-a92a-43c6f64a0723}</UniqueIdentifier>
    </Filter>
    <Filter Include="Source Files\renderer\shaders">
      <UniqueIdentifier>{41a24d45-8e2a-4854-bd73-f2bb4e9e2b38}</UniqueIdentifier>
    </Filter>
  </ItemGroup>
  <ItemGroup>
    <ClCompile Include="..\source\win64\win64viewprovider.cpp">
      <Filter>Source Files\win64</Filter>
    </ClCompile>
    <ClCompile Include="..\source\win64\win64main.cpp">
      <Filter>Source Files\win64</Filter>
    </ClCompile>
    <ClCompile Include="..\source\win64\win64input.cpp">
      <Filter>Source Files\win64</Filter>
    </ClCompile>
    <ClCompile Include="..\source\renderer\d3d11renderer.cpp">
      <Filter>Source Files\renderer</Filter>
    </ClCompile>
    <ClCompile Include="..\source\renderer\d3d11.cpp">
      <Filter>Source Files\renderer</Filter>
    </ClCompile>
    <ClCompile Include="..\source\renderer\d3d11model.cpp">
      <Filter>Source Files\renderer</Filter>
    </ClCompile>
    <ClCompile Include="..\source\renderer\d3d11shader.cpp">
      <Filter>Source Files\renderer</Filter>
    </ClCompile>
    <ClCompile Include="..\source\camera.cpp">
      <Filter>Source Files</Filter>
    </ClCompile>
    <ClCompile Include="..\source\renderer\texture.cpp">
      <Filter>Source Files\renderer</Filter>
    </ClCompile>
    <ClCompile Include="..\source\renderer\textureshader.cpp">
      <Filter>Source Files\renderer</Filter>
    </ClCompile>
  </ItemGroup>
  <ItemGroup>
    <ClInclude Include="..\source\win64\win64viewprovider.h">
      <Filter>Source Files\win64</Filter>
    </ClInclude>
    <ClInclude Include="..\source\win64\win64input.h">
      <Filter>Source Files\win64</Filter>
    </ClInclude>
    <ClInclude Include="..\source\renderer\d3d11renderer.h">
      <Filter>Source Files\renderer</Filter>
    </ClInclude>
    <ClInclude Include="..\source\renderer\d3d11.h">
      <Filter>Source Files\renderer</Filter>
    </ClInclude>
    <ClInclude Include="..\source\renderer\d3d11model.h">
      <Filter>Source Files\renderer</Filter>
    </ClInclude>
    <ClInclude Include="..\source\renderer\d3d11shader.h">
      <Filter>Source Files\renderer</Filter>
    </ClInclude>
    <ClInclude Include="..\source\camera.h">
      <Filter>Source Files</Filter>
    </ClInclude>
    <ClInclude Include="..\source\renderer\texture.h">
      <Filter>Source Files\renderer</Filter>
    </ClInclude>
    <ClInclude Include="..\source\renderer\textureshader.h">
      <Filter>Source Files\renderer</Filter>
    </ClInclude>
  </ItemGroup>
  <ItemGroup>
    <FxCompile Include="..\source\renderer\shader\simplePS.hlsl">
      <Filter>Source Files\renderer\shaders</Filter>
    </FxCompile>
    <FxCompile Include="..\source\renderer\shader\simpleVS.hlsl">
      <Filter>Source Files\renderer\shaders</Filter>
    </FxCompile>
    <FxCompile Include="..\source\renderer\shader\texturePS.hlsl">
      <Filter>Source Files\renderer\shaders</Filter>
    </FxCompile>
    <FxCompile Include="..\source\renderer\shader\textureVS.hlsl">
      <Filter>Source Files\renderer\shaders</Filter>
    </FxCompile>
  </ItemGroup>
</Project>