<?xml version="1.0" encoding="utf-8"?>
<Project ToolsVersion="4.0" xmlns="http://schemas.microsoft.com/developer/msbuild/2003">
  <ItemGroup>
    <Filter Include="Engine">
      <UniqueIdentifier>{4FC737F1-C7A5-4376-A066-2A32D752A2FF}</UniqueIdentifier>
      <Extensions>cpp;c;cc;cxx;def;odl;idl;hpj;bat;asm;asmx</Extensions>
    </Filter>
    <Filter Include="Engine\win64">
      <UniqueIdentifier>{7d8eb606-06ed-4981-b820-d92e67748cd8}</UniqueIdentifier>
    </Filter>
    <Filter Include="Engine\renderer">
      <UniqueIdentifier>{694451fc-7f77-496c-a92a-43c6f64a0723}</UniqueIdentifier>
    </Filter>
    <Filter Include="Engine\renderer\shaders">
      <UniqueIdentifier>{41a24d45-8e2a-4854-bd73-f2bb4e9e2b38}</UniqueIdentifier>
    </Filter>
    <Filter Include="Engine\system">
      <UniqueIdentifier>{67250661-dbbd-41ce-951d-89bcc65fd648}</UniqueIdentifier>
    </Filter>
    <Filter Include="Engine\system\math">
      <UniqueIdentifier>{f5b6704e-aee7-42eb-a866-bd350ec6675b}</UniqueIdentifier>
    </Filter>
    <Filter Include="Engine\entitymodel">
      <UniqueIdentifier>{63387ff1-378f-444b-a565-58314c3735b3}</UniqueIdentifier>
    </Filter>
    <Filter Include="Engine\entitymodel\components">
      <UniqueIdentifier>{de0de442-a69c-4067-915d-366827c63343}</UniqueIdentifier>
    </Filter>
    <Filter Include="Engine\renderer\terrain">
      <UniqueIdentifier>{b9122b8d-31e5-4574-b0fc-11dae02f0ba1}</UniqueIdentifier>
    </Filter>
    <Filter Include="Engine\renderer\textrendering">
      <UniqueIdentifier>{6d267fe1-f43f-428c-8750-4e9b50fb9ff9}</UniqueIdentifier>
    </Filter>
    <Filter Include="Engine\renderer\common">
      <UniqueIdentifier>{694d5130-4de5-40e0-b6fb-43b46e95009f}</UniqueIdentifier>
    </Filter>
    <Filter Include="Engine\system\profiling">
      <UniqueIdentifier>{29d0827e-aa2d-4b59-b458-1c24c693186a}</UniqueIdentifier>
    </Filter>
    <Filter Include="Engine\system\commandline">
      <UniqueIdentifier>{5dddd095-cd2e-47c8-9ab7-06184c57a183}</UniqueIdentifier>
    </Filter>
    <Filter Include="Engine\renderer\debugdisplay">
      <UniqueIdentifier>{2c5081d3-f54c-4705-9fa7-ad39607c15ff}</UniqueIdentifier>
    </Filter>
    <Filter Include="Engine\renderer\common\resourcemanager">
      <UniqueIdentifier>{eae3f49f-453f-42e2-8aa8-0135dc400c55}</UniqueIdentifier>
    </Filter>
    <Filter Include="Engine\core">
      <UniqueIdentifier>{5a367233-1de9-4d58-9b64-bf0a78e7b99b}</UniqueIdentifier>
    </Filter>
    <Filter Include="Engine\core\input">
      <UniqueIdentifier>{7272734f-7964-4c2f-bc03-38f6c0471622}</UniqueIdentifier>
    </Filter>
    <Filter Include="Engine\renderer\skydome">
      <UniqueIdentifier>{31145d39-1235-4795-a94e-b5086e54eb23}</UniqueIdentifier>
    </Filter>
  </ItemGroup>
  <ItemGroup>
    <ClCompile Include="..\source\win64\win64viewprovider.cpp">
      <Filter>Engine\win64</Filter>
    </ClCompile>
    <ClCompile Include="..\source\win64\win64main.cpp">
      <Filter>Engine\win64</Filter>
    </ClCompile>
    <ClCompile Include="..\source\win64\win64input.cpp">
      <Filter>Engine\win64</Filter>
    </ClCompile>
    <ClCompile Include="..\source\renderer\d3d11renderer.cpp">
      <Filter>Engine\renderer</Filter>
    </ClCompile>
    <ClCompile Include="..\source\renderer\d3d11.cpp">
      <Filter>Engine\renderer</Filter>
    </ClCompile>
    <ClCompile Include="..\source\system\error.cpp">
      <Filter>Engine\system</Filter>
    </ClCompile>
    <ClCompile Include="..\source\system\modelloader.cpp">
      <Filter>Engine\system</Filter>
    </ClCompile>
    <ClCompile Include="..\source\system\inputmanager.cpp">
      <Filter>Engine\system</Filter>
    </ClCompile>
    <ClCompile Include="..\source\system\math\mat4x4.cpp">
      <Filter>Engine\system\math</Filter>
    </ClCompile>
    <ClCompile Include="..\source\system\math\mathutil.cpp">
      <Filter>Engine\system\math</Filter>
    </ClCompile>
    <ClCompile Include="..\source\system\math\vec4.cpp">
      <Filter>Engine\system\math</Filter>
    </ClCompile>
    <ClCompile Include="..\source\entitymodel\entity.cpp">
      <Filter>Engine\entitymodel</Filter>
    </ClCompile>
    <ClCompile Include="..\source\renderer\graphicsnode.cpp">
      <Filter>Engine\renderer</Filter>
    </ClCompile>
    <ClCompile Include="..\source\entitymodel\components\component.cpp">
      <Filter>Engine\entitymodel\components</Filter>
    </ClCompile>
    <ClCompile Include="..\source\entitymodel\components\visualcomponent.cpp">
      <Filter>Engine\entitymodel\components</Filter>
    </ClCompile>
    <ClCompile Include="..\source\system\fpscounter.cpp">
      <Filter>Engine\system</Filter>
    </ClCompile>
    <ClCompile Include="..\source\system\cpuinfo.cpp">
      <Filter>Engine\system</Filter>
    </ClCompile>
    <ClCompile Include="..\source\system\clock.cpp">
      <Filter>Engine\system</Filter>
    </ClCompile>
    <ClCompile Include="..\source\system\math\vec2.cpp">
      <Filter>Engine\system\math</Filter>
    </ClCompile>
    <ClCompile Include="..\source\renderer\terrain\terrain.cpp">
      <Filter>Engine\renderer\terrain</Filter>
    </ClCompile>
    <ClCompile Include="..\source\renderer\textrendering\font.cpp">
      <Filter>Engine\renderer\textrendering</Filter>
    </ClCompile>
    <ClCompile Include="..\source\renderer\textrendering\fontshader.cpp">
      <Filter>Engine\renderer\textrendering</Filter>
    </ClCompile>
    <ClCompile Include="..\source\renderer\textrendering\text.cpp">
      <Filter>Engine\renderer\textrendering</Filter>
    </ClCompile>
    <ClCompile Include="..\source\renderer\textrendering\textrenderer.cpp">
      <Filter>Engine\renderer\textrendering</Filter>
    </ClCompile>
    <ClCompile Include="..\source\renderer\common\model3d.cpp">
      <Filter>Engine\renderer\common</Filter>
    </ClCompile>
    <ClCompile Include="..\source\renderer\common\model2d.cpp">
      <Filter>Engine\renderer\common</Filter>
    </ClCompile>
    <ClCompile Include="..\source\renderer\common\texture.cpp">
      <Filter>Engine\renderer\common</Filter>
    </ClCompile>
    <ClCompile Include="..\source\renderer\common\colorshader.cpp">
      <Filter>Engine\renderer\common</Filter>
    </ClCompile>
    <ClCompile Include="..\source\renderer\common\lightshader.cpp">
      <Filter>Engine\renderer\common</Filter>
    </ClCompile>
    <ClCompile Include="..\source\renderer\common\textureshader.cpp">
      <Filter>Engine\renderer\common</Filter>
    </ClCompile>
    <ClCompile Include="..\source\renderer\terrain\terrainrenderer.cpp">
      <Filter>Engine\renderer\terrain</Filter>
    </ClCompile>
    <ClCompile Include="..\source\renderer\common\mesh.cpp">
      <Filter>Engine\renderer\common</Filter>
    </ClCompile>
    <ClCompile Include="..\source\system\profiling\profilemanager.cpp">
      <Filter>Engine\system\profiling</Filter>
    </ClCompile>
    <ClCompile Include="..\source\system\commandline\commandlineoptions.cpp">
      <Filter>Engine\system\commandline</Filter>
    </ClCompile>
    <ClCompile Include="..\source\system\commandline\commandlineparser.cpp">
      <Filter>Engine\system\commandline</Filter>
    </ClCompile>
    <ClCompile Include="..\source\renderer\debugdisplay\debugdisplayrenderer.cpp">
      <Filter>Engine\renderer\debugdisplay</Filter>
    </ClCompile>
    <ClCompile Include="inputhandler.cpp">
      <Filter>Engine\core\input</Filter>
    </ClCompile>
    <ClCompile Include="..\source\core\camera.cpp">
      <Filter>Engine\core</Filter>
    </ClCompile>
    <ClCompile Include="..\source\core\engine.cpp">
      <Filter>Engine\core</Filter>
    </ClCompile>
    <ClCompile Include="..\source\renderer\skydome\skydomerenderer.cpp">
      <Filter>Engine\renderer\skydome</Filter>
    </ClCompile>
    <ClCompile Include="..\source\renderer\skydome\skydomeshader.cpp">
      <Filter>Engine\renderer\skydome</Filter>
    </ClCompile>
  </ItemGroup>
  <ItemGroup>
    <ClInclude Include="..\source\win64\win64viewprovider.h">
      <Filter>Engine\win64</Filter>
    </ClInclude>
    <ClInclude Include="..\source\win64\win64input.h">
      <Filter>Engine\win64</Filter>
    </ClInclude>
    <ClInclude Include="..\source\renderer\d3d11renderer.h">
      <Filter>Engine\renderer</Filter>
    </ClInclude>
    <ClInclude Include="..\source\renderer\d3d11.h">
      <Filter>Engine\renderer</Filter>
    </ClInclude>
    <ClInclude Include="..\source\system\error.h">
      <Filter>Engine\system</Filter>
    </ClInclude>
    <ClInclude Include="..\source\system\modelloader.h">
      <Filter>Engine\system</Filter>
    </ClInclude>
    <ClInclude Include="..\source\system\inputmanager.h">
      <Filter>Engine\system</Filter>
    </ClInclude>
    <ClInclude Include="..\source\system\math\mat4x4.h">
      <Filter>Engine\system\math</Filter>
    </ClInclude>
    <ClInclude Include="..\source\system\math\mathutil.h">
      <Filter>Engine\system\math</Filter>
    </ClInclude>
    <ClInclude Include="..\source\system\math\vec4.h">
      <Filter>Engine\system\math</Filter>
    </ClInclude>
    <ClInclude Include="..\source\entitymodel\entity.h">
      <Filter>Engine\entitymodel</Filter>
    </ClInclude>
    <ClInclude Include="..\source\renderer\graphicsnode.h">
      <Filter>Engine\renderer</Filter>
    </ClInclude>
    <ClInclude Include="..\source\entitymodel\components\component.h">
      <Filter>Engine\entitymodel\components</Filter>
    </ClInclude>
    <ClInclude Include="..\source\entitymodel\components\visualcomponent.h">
      <Filter>Engine\entitymodel\components</Filter>
    </ClInclude>
    <ClInclude Include="..\source\system\fpscounter.h">
      <Filter>Engine\system</Filter>
    </ClInclude>
    <ClInclude Include="..\source\system\cpuinfo.h">
      <Filter>Engine\system</Filter>
    </ClInclude>
    <ClInclude Include="..\source\system\clock.h">
      <Filter>Engine\system</Filter>
    </ClInclude>
    <ClInclude Include="..\source\system\math\vec2.h">
      <Filter>Engine\system\math</Filter>
    </ClInclude>
    <ClInclude Include="..\source\renderer\terrain\terrain.h">
      <Filter>Engine\renderer\terrain</Filter>
    </ClInclude>
    <ClInclude Include="..\source\renderer\isubrenderer.h">
      <Filter>Engine\renderer</Filter>
    </ClInclude>
    <ClInclude Include="..\source\renderer\textrendering\textrenderer.h">
      <Filter>Engine\renderer\textrendering</Filter>
    </ClInclude>
    <ClInclude Include="..\source\renderer\textrendering\font.h">
      <Filter>Engine\renderer\textrendering</Filter>
    </ClInclude>
    <ClInclude Include="..\source\renderer\textrendering\fontshader.h">
      <Filter>Engine\renderer\textrendering</Filter>
    </ClInclude>
    <ClInclude Include="..\source\renderer\textrendering\text.h">
      <Filter>Engine\renderer\textrendering</Filter>
    </ClInclude>
    <ClInclude Include="..\source\renderer\common\model3d.h">
      <Filter>Engine\renderer\common</Filter>
    </ClInclude>
    <ClInclude Include="..\source\renderer\common\model2d.h">
      <Filter>Engine\renderer\common</Filter>
    </ClInclude>
    <ClInclude Include="..\source\renderer\common\texture.h">
      <Filter>Engine\renderer\common</Filter>
    </ClInclude>
    <ClInclude Include="..\source\renderer\common\colorshader.h">
      <Filter>Engine\renderer\common</Filter>
    </ClInclude>
    <ClInclude Include="..\source\renderer\common\lightshader.h">
      <Filter>Engine\renderer\common</Filter>
    </ClInclude>
    <ClInclude Include="..\source\renderer\common\textureshader.h">
      <Filter>Engine\renderer\common</Filter>
    </ClInclude>
    <ClInclude Include="..\source\renderer\terrain\terrainrenderer.h">
      <Filter>Engine\renderer\terrain</Filter>
    </ClInclude>
    <ClInclude Include="..\source\renderer\common\mesh.h">
      <Filter>Engine\renderer\common</Filter>
    </ClInclude>
    <ClInclude Include="..\source\system\profiling\profilemanager.h">
      <Filter>Engine\system\profiling</Filter>
    </ClInclude>
    <ClInclude Include="..\source\system\commandline\commandlineparser.h">
      <Filter>Engine\system\commandline</Filter>
    </ClInclude>
    <ClInclude Include="..\source\system\commandline\commandlineoptions.h">
      <Filter>Engine\system\commandline</Filter>
    </ClInclude>
    <ClInclude Include="..\source\renderer\debugdisplay\debugdisplayrenderer.h">
      <Filter>Engine\renderer\debugdisplay</Filter>
    </ClInclude>
    <ClInclude Include="..\source\renderer\common\resourcemanager\texturemanager.h">
      <Filter>Engine\renderer\common\resourcemanager</Filter>
    </ClInclude>
    <ClInclude Include="..\source\core\input\inputhandler.h">
      <Filter>Engine\core\input</Filter>
    </ClInclude>
    <ClInclude Include="..\source\core\camera.h">
      <Filter>Engine\core</Filter>
    </ClInclude>
    <ClInclude Include="..\source\core\engine.h">
      <Filter>Engine\core</Filter>
    </ClInclude>
    <ClInclude Include="..\source\renderer\skydome\skydomerenderer.h">
      <Filter>Engine\renderer\skydome</Filter>
    </ClInclude>
    <ClInclude Include="..\source\renderer\skydome\skydomeshader.h">
      <Filter>Engine\renderer\skydome</Filter>
    </ClInclude>
  </ItemGroup>
  <ItemGroup>
    <FxCompile Include="..\source\renderer\shader\simplePS.hlsl">
      <Filter>Engine\renderer\shaders</Filter>
    </FxCompile>
    <FxCompile Include="..\source\renderer\shader\simpleVS.hlsl">
      <Filter>Engine\renderer\shaders</Filter>
    </FxCompile>
    <FxCompile Include="..\source\renderer\shader\texturePS.hlsl">
      <Filter>Engine\renderer\shaders</Filter>
    </FxCompile>
    <FxCompile Include="..\source\renderer\shader\textureVS.hlsl">
      <Filter>Engine\renderer\shaders</Filter>
    </FxCompile>
    <FxCompile Include="..\source\renderer\shader\diffuselightingVS.hlsl">
      <Filter>Engine\renderer\shaders</Filter>
    </FxCompile>
    <FxCompile Include="..\source\renderer\shader\diffuselightingPS.hlsl">
      <Filter>Engine\renderer\shaders</Filter>
    </FxCompile>
    <FxCompile Include="..\source\renderer\shader\fontPS.hlsl">
      <Filter>Engine\renderer\shaders</Filter>
    </FxCompile>
    <FxCompile Include="..\source\renderer\shader\fontVS.hlsl">
      <Filter>Engine\renderer\shaders</Filter>
    </FxCompile>
    <FxCompile Include="..\source\renderer\shader\skydomePS.hlsl">
      <Filter>Engine\renderer\shaders</Filter>
    </FxCompile>
    <FxCompile Include="..\source\renderer\shader\skydomeVS.hlsl">
      <Filter>Engine\renderer\shaders</Filter>
    </FxCompile>
  </ItemGroup>
  <ItemGroup>
    <Natvis Include="..\tools\debugger_visualization\modelloader_vertexdata.natvis" />
  </ItemGroup>
</Project>